
Microsoft Visual Studio Solution File, Format Version 12.00
# Visual Studio Version 16
VisualStudioVersion = 16.0.30523.141
MinimumVisualStudioVersion = 10.0.40219.1
Project("{FAE04EC0-301F-11D3-BF4B-00C04F79EFBC}") = "TodoApp.Models", "TodoApp.Models\TodoApp.Models.csproj", "{255C091C-A6C5-441B-897A-5DEA0CB01D72}"
EndProject
Project("{2150E333-8FDC-42A3-9474-1A3956D46DE8}") = "UI", "UI", "{62678F21-5F0B-4CD6-AE98-06FEFAB63CED}"
EndProject
Project("{FAE04EC0-301F-11D3-BF4B-00C04F79EFBC}") = "TodoApp.ConsoleApp", "TodoApp.ConsoleApp\TodoApp.ConsoleApp.csproj", "{F5774A30-3F45-4CA7-BF3B-F64663A9FFD8}"
EndProject
Global
	GlobalSection(SolutionConfigurationPlatforms) = preSolution
		Debug|Any CPU = Debug|Any CPU
		Release|Any CPU = Release|Any CPU
	EndGlobalSection
	GlobalSection(ProjectConfigurationPlatforms) = postSolution
		{255C091C-A6C5-441B-897A-5DEA0CB01D72}.Debug|Any CPU.ActiveCfg = Debug|Any CPU
		{255C091C-A6C5-441B-897A-5DEA0CB01D72}.Debug|Any CPU.Build.0 = Debug|Any CPU
		{255C091C-A6C5-441B-897A-5DEA0CB01D72}.Release|Any CPU.ActiveCfg = Release|Any CPU
		{255C091C-A6C5-441B-897A-5DEA0CB01D72}.Release|Any CPU.Build.0 = Release|Any CPU
		{F5774A30-3F45-4CA7-BF3B-F64663A9FFD8}.Debug|Any CPU.ActiveCfg = Debug|Any CPU
		{F5774A30-3F45-4CA7-BF3B-F64663A9FFD8}.Debug|Any CPU.Build.0 = Debug|Any CPU
		{F5774A30-3F45-4CA7-BF3B-F64663A9FFD8}.Release|Any CPU.ActiveCfg = Release|Any CPU
		{F5774A30-3F45-4CA7-BF3B-F64663A9FFD8}.Release|Any CPU.Build.0 = Release|Any CPU
	EndGlobalSection
	GlobalSection(SolutionProperties) = preSolution
		HideSolutionNode = FALSE
	EndGlobalSection
	GlobalSection(NestedProjects) = preSolution
		{F5774A30-3F45-4CA7-BF3B-F64663A9FFD8} = {62678F21-5F0B-4CD6-AE98-06FEFAB63CED}
	EndGlobalSection
	GlobalSection(ExtensibilityGlobals) = postSolution
		SolutionGuid = {C055C428-E693-44D1-8506-AA3337782ECB}
	EndGlobalSection
EndGlobal
